
Microsoft Visual Studio Solution File, Format Version 12.00
# Visual Studio Version 17
VisualStudioVersion = 17.14.36705.20 d17.14
MinimumVisualStudioVersion = 10.0.40219.1
Project("{FAE04EC0-301F-11D3-BF4B-00C04F79EFBC}") = "HotelProgram", "HotelProgram.csproj", "{38E73EBD-3862-F280-327B-92823B14C972}"
EndProject
Global
	GlobalSection(SolutionConfigurationPlatforms) = preSolution
		Debug|Any CPU = Debug|Any CPU
		Release|Any CPU = Release|Any CPU
	EndGlobalSection
	GlobalSection(ProjectConfigurationPlatforms) = postSolution
		{38E73EBD-3862-F280-327B-92823B14C972}.Debug|Any CPU.ActiveCfg = Debug|Any CPU
		{38E73EBD-3862-F280-327B-92823B14C972}.Debug|Any CPU.Build.0 = Debug|Any CPU
		{38E73EBD-3862-F280-327B-92823B14C972}.Release|Any CPU.ActiveCfg = Release|Any CPU
		{38E73EBD-3862-F280-327B-92823B14C972}.Release|Any CPU.Build.0 = Release|Any CPU
	EndGlobalSection
	GlobalSection(SolutionProperties) = preSolution
		HideSolutionNode = FALSE
	EndGlobalSection
	GlobalSection(ExtensibilityGlobals) = postSolution
		SolutionGuid = {29AC3774-64C9-4BF2-A4F1-22ADF11070C0}
	EndGlobalSection
EndGlobal
